
Microsoft Visual Studio Solution File, Format Version 12.00
# Visual Studio 2012
Project("{D954291E-2A0B-460D-934E-DC6B0785DB48}") = "Shared", "Shared\Shared.shproj", "{21D7EB8C-44FA-45F2-AD17-6DC2605EAD6B}"
EndProject
Project("{FAE04EC0-301F-11D3-BF4B-00C04F79EFBC}") = "UGPAndroid", "UGPAndroid\UGPAndroid.csproj", "{0AC4E459-D783-4CD7-B95E-5B896C4A564D}"
EndProject
Global
	GlobalSection(SolutionConfigurationPlatforms) = preSolution
		Debug|Any CPU = Debug|Any CPU
		Release|Any CPU = Release|Any CPU
	EndGlobalSection
	GlobalSection(ProjectConfigurationPlatforms) = postSolution
		{0AC4E459-D783-4CD7-B95E-5B896C4A564D}.Debug|Any CPU.ActiveCfg = Debug|Any CPU
		{0AC4E459-D783-4CD7-B95E-5B896C4A564D}.Debug|Any CPU.Build.0 = Debug|Any CPU
		{0AC4E459-D783-4CD7-B95E-5B896C4A564D}.Release|Any CPU.ActiveCfg = Release|Any CPU
		{0AC4E459-D783-4CD7-B95E-5B896C4A564D}.Release|Any CPU.Build.0 = Release|Any CPU
	EndGlobalSection
	GlobalSection(MonoDevelopProperties) = preSolution
		StartupItem = UGPAndroid\UGPAndroid.csproj
	EndGlobalSection
EndGlobal
